# THIS IS AN AUTOGENERATED FILE. DO NOT EDIT THIS FILE DIRECTLY.
# yarn lockfile v1


"@types/binary-parser@^1.5.1":
  version "1.5.1"
  resolved "https://registry.yarnpkg.com/@types/binary-parser/-/binary-parser-1.5.1.tgz#248c0d787498f3622c177622e93dfe2478235635"
  integrity sha512-wxSg5YQFVYsyGwuCSTdBu+cUIYCD9eX0pq3CsJbP4DLeLExbwEPqci9JgjCNHv1ZfLO/QzVtGlasec5xSUcCVA==
  dependencies:
    "@types/node" "*"

"@types/node@*":
  version "16.11.7"
  resolved "https://registry.yarnpkg.com/@types/node/-/node-16.11.7.tgz#36820945061326978c42a01e56b61cd223dfdc42"
  integrity sha512-QB5D2sqfSjCmTuWcBWyJ+/44bcjO7VbjSbOE0ucoVbAsSNQc4Lt6QkgkVXkTDwkL4z/beecZNDvVX15D4P8Jbw==

binary-parser@^2.0.1:
  version "2.0.1"
  resolved "https://registry.yarnpkg.com/binary-parser/-/binary-parser-2.0.1.tgz#66b063c634a048d46ca48824e27288459f6b9064"
  integrity sha512-7kZx8vZCq+V/0XkaOjLpCkBdOYCzjau+yt1PDMM04Q73WgtNYSoM6gOpl/Ky7qbANrEkcbX9ya+6Fdmj1WeU+w==
